
Microsoft Visual Studio Solution File, Format Version 12.00
# Visual Studio Version 17
VisualStudioVersion = 17.0.31903.59
MinimumVisualStudioVersion = 10.0.40219.1
Project("{FAE04EC0-301F-11D3-BF4B-00C04F79EFBC}") = "SQLServerSink", "src\SQLServerSink\SQLServerSink.csproj", "{A36A4BA3-E9A4-486A-B661-BF861BE95179}"
EndProject
Project("{FAE04EC0-301F-11D3-BF4B-00C04F79EFBC}") = "SQLServerSink.Tests", "src\SQLServerSink.Tests\SQLServerSink.Tests.csproj", "{6195CFF1-3659-417E-B254-D27DFBD2E134}"
EndProject
Global
	GlobalSection(SolutionConfigurationPlatforms) = preSolution
		Debug|Any CPU = Debug|Any CPU
		Debug|x64 = Debug|x64
		Debug|x86 = Debug|x86
		Release|Any CPU = Release|Any CPU
		Release|x64 = Release|x64
		Release|x86 = Release|x86
	EndGlobalSection
	GlobalSection(ProjectConfigurationPlatforms) = postSolution
		{A36A4BA3-E9A4-486A-B661-BF861BE95179}.Debug|Any CPU.ActiveCfg = Debug|Any CPU
		{A36A4BA3-E9A4-486A-B661-BF861BE95179}.Debug|Any CPU.Build.0 = Debug|Any CPU
		{A36A4BA3-E9A4-486A-B661-BF861BE95179}.Debug|x64.ActiveCfg = Debug|Any CPU
		{A36A4BA3-E9A4-486A-B661-BF861BE95179}.Debug|x64.Build.0 = Debug|Any CPU
		{A36A4BA3-E9A4-486A-B661-BF861BE95179}.Debug|x86.ActiveCfg = Debug|Any CPU
		{A36A4BA3-E9A4-486A-B661-BF861BE95179}.Debug|x86.Build.0 = Debug|Any CPU
		{A36A4BA3-E9A4-486A-B661-BF861BE95179}.Release|Any CPU.ActiveCfg = Release|Any CPU
		{A36A4BA3-E9A4-486A-B661-BF861BE95179}.Release|Any CPU.Build.0 = Release|Any CPU
		{A36A4BA3-E9A4-486A-B661-BF861BE95179}.Release|x64.ActiveCfg = Release|Any CPU
		{A36A4BA3-E9A4-486A-B661-BF861BE95179}.Release|x64.Build.0 = Release|Any CPU
		{A36A4BA3-E9A4-486A-B661-BF861BE95179}.Release|x86.ActiveCfg = Release|Any CPU
		{A36A4BA3-E9A4-486A-B661-BF861BE95179}.Release|x86.Build.0 = Release|Any CPU
		{6195CFF1-3659-417E-B254-D27DFBD2E134}.Debug|Any CPU.ActiveCfg = Debug|Any CPU
		{6195CFF1-3659-417E-B254-D27DFBD2E134}.Debug|Any CPU.Build.0 = Debug|Any CPU
		{6195CFF1-3659-417E-B254-D27DFBD2E134}.Debug|x64.ActiveCfg = Debug|Any CPU
		{6195CFF1-3659-417E-B254-D27DFBD2E134}.Debug|x64.Build.0 = Debug|Any CPU
		{6195CFF1-3659-417E-B254-D27DFBD2E134}.Debug|x86.ActiveCfg = Debug|Any CPU
		{6195CFF1-3659-417E-B254-D27DFBD2E134}.Debug|x86.Build.0 = Debug|Any CPU
		{6195CFF1-3659-417E-B254-D27DFBD2E134}.Release|Any CPU.ActiveCfg = Release|Any CPU
		{6195CFF1-3659-417E-B254-D27DFBD2E134}.Release|Any CPU.Build.0 = Release|Any CPU
		{6195CFF1-3659-417E-B254-D27DFBD2E134}.Release|x64.ActiveCfg = Release|Any CPU
		{6195CFF1-3659-417E-B254-D27DFBD2E134}.Release|x64.Build.0 = Release|Any CPU
		{6195CFF1-3659-417E-B254-D27DFBD2E134}.Release|x86.ActiveCfg = Release|Any CPU
		{6195CFF1-3659-417E-B254-D27DFBD2E134}.Release|x86.Build.0 = Release|Any CPU
	EndGlobalSection
	GlobalSection(SolutionProperties) = preSolution
		HideSolutionNode = FALSE
	EndGlobalSection
EndGlobal
